<?xml version="1.0" encoding="utf-8"?>
<Project ToolsVersion="4.0" xmlns="http://schemas.microsoft.com/developer/msbuild/2003">
  <ItemGroup>
    <Filter Include="Quelldateien">
      <UniqueIdentifier>{4FC737F1-C7A5-4376-A066-2A32D752A2FF}</UniqueIdentifier>
      <Extensions>cpp;c;cc;cxx;def;odl;idl;hpj;bat;asm;asmx</Extensions>
    </Filter>
    <Filter Include="Headerdateien">
      <UniqueIdentifier>{93995380-89BD-4b04-88EB-625FBE52EBFB}</UniqueIdentifier>
      <Extensions>h;hpp;hxx;hm;inl;inc;xsd</Extensions>
    </Filter>
    <Filter Include="Ressourcendateien">
      <UniqueIdentifier>{67DA6AB6-F800-4c08-8B7A-83BB121AAD01}</UniqueIdentifier>
      <Extensions>rc;ico;cur;bmp;dlg;rc2;rct;bin;rgs;gif;jpg;jpeg;jpe;resx;tiff;tif;png;wav;mfcribbon-ms</Extensions>
    </Filter>
  </ItemGroup>
  <ItemGroup>
    <ClInclude Include="includes\SDL_EngineSubSystem.h">
      <Filter>Headerdateien</Filter>
    </ClInclude>
    <ClInclude Include="includes\SDL_Graphic.h">
      <Filter>Headerdateien</Filter>
    </ClInclude>
    <ClInclude Include="includes\SDL_Window.h">
      <Filter>Headerdateien</Filter>
    </ClInclude>
    <ClInclude Include="includes\SDL_GraphicManager.h">
      <Filter>Headerdateien</Filter>
    </ClInclude>
    <ClInclude Include="includes\SDL_Font.h">
      <Filter>Headerdateien</Filter>
    </ClInclude>
    <ClInclude Include="includes\SDL_FontManager.h">
      <Filter>Headerdateien</Filter>
    </ClInclude>
    <ClInclude Include="includes\SDL_Music.h">
      <Filter>Headerdateien</Filter>
    </ClInclude>
    <ClInclude Include="includes\SDL_MusicManager.h">
      <Filter>Headerdateien</Filter>
    </ClInclude>
    <ClInclude Include="includes\SDL_Sound.h">
      <Filter>Headerdateien</Filter>
    </ClInclude>
    <ClInclude Include="includes\SDL_SoundManager.h">
      <Filter>Headerdateien</Filter>
    </ClInclude>
    <ClInclude Include="includes\SDL_SystemManager.h">
      <Filter>Headerdateien</Filter>
    </ClInclude>
    <ClInclude Include="includes\SDL_MessageQueue.h">
      <Filter>Headerdateien</Filter>
    </ClInclude>
  </ItemGroup>
  <ItemGroup>
    <ClCompile Include="src\SDL_EngineSubSystem.cpp">
      <Filter>Quelldateien</Filter>
    </ClCompile>
    <ClCompile Include="src\SDL_Graphic.cpp">
      <Filter>Quelldateien</Filter>
    </ClCompile>
    <ClCompile Include="src\SDL_GraphicManager.cpp">
      <Filter>Quelldateien</Filter>
    </ClCompile>
    <ClCompile Include="src\SDL_Window.cpp">
      <Filter>Quelldateien</Filter>
    </ClCompile>
    <ClCompile Include="src\SDL_Font.cpp">
      <Filter>Quelldateien</Filter>
    </ClCompile>
    <ClCompile Include="src\SDL_FontManager.cpp">
      <Filter>Quelldateien</Filter>
    </ClCompile>
    <ClCompile Include="src\SDL_Music.cpp">
      <Filter>Quelldateien</Filter>
    </ClCompile>
    <ClCompile Include="src\SDL_MusicManager.cpp">
      <Filter>Quelldateien</Filter>
    </ClCompile>
    <ClCompile Include="src\SDL_Sound.cpp">
      <Filter>Quelldateien</Filter>
    </ClCompile>
    <ClCompile Include="src\SDL_SoundManager.cpp">
      <Filter>Quelldateien</Filter>
    </ClCompile>
    <ClCompile Include="src\SDL_SystemManager.cpp">
      <Filter>Quelldateien</Filter>
    </ClCompile>
    <ClCompile Include="src\SDL_MessageQueue.cpp">
      <Filter>Quelldateien</Filter>
    </ClCompile>
  </ItemGroup>
  <ItemGroup>
    <None Include="SDL_EngineSubSystem.def" />
  </ItemGroup>
</Project>