<?xml version="1.0" encoding="utf-8"?>
<Project ToolsVersion="4.0" xmlns="http://schemas.microsoft.com/developer/msbuild/2003">
  <ItemGroup>
    <Filter Include="Source">
      <UniqueIdentifier>{79f163ce-d763-4fa3-9a31-2263c829ab32}</UniqueIdentifier>
    </Filter>
    <Filter Include="Header">
      <UniqueIdentifier>{c6b0bf82-d58f-4523-9b92-03d7b20be0b3}</UniqueIdentifier>
    </Filter>
  </ItemGroup>
  <ItemGroup>
    <ClCompile Include="src\SDL_ttf\SDL_ttf.c">
      <Filter>Source</Filter>
    </ClCompile>
  </ItemGroup>
  <ItemGroup>
    <ClInclude Include="include\SDL_ttf\SDL_ttf.h">
      <Filter>Header</Filter>
    </ClInclude>
  </ItemGroup>
</Project>